
Microsoft Visual Studio Solution File, Format Version 12.00
# Visual Studio Version 17
VisualStudioVersion = 17.12.35527.113
MinimumVisualStudioVersion = 10.0.40219.1
Project("{FAE04EC0-301F-11D3-BF4B-00C04F79EFBC}") = "Get.Parser", "Get.Parser\Get.Parser.csproj", "{71532860-8C79-44E3-AB7A-6AECCE3B60DC}"
EndProject
Project("{FAE04EC0-301F-11D3-BF4B-00C04F79EFBC}") = "Get.Parser.Test", "Get.Parser.Test\Get.Parser.Test.csproj", "{51F3F1E9-AA69-474E-9CCF-E2FABE4E3AE4}"
EndProject
Project("{FAE04EC0-301F-11D3-BF4B-00C04F79EFBC}") = "Get.RegexMachine", "Get.RegexMachine\Get.RegexMachine.csproj", "{004B57D5-AF4B-4D91-8F95-782BF06CCDBC}"
EndProject
Project("{FAE04EC0-301F-11D3-BF4B-00C04F79EFBC}") = "Get.Lexer", "Get.Lexer\Get.Lexer.csproj", "{21AD9D2D-A0CE-47E9-8DCA-2E6D94CCD570}"
EndProject
Project("{FAE04EC0-301F-11D3-BF4B-00C04F79EFBC}") = "Get.Lexer.Test", "Get.Lexer.Test\Get.Lexer.Test.csproj", "{10271D1A-9F7D-451F-A12D-E2495C87E7EC}"
EndProject
Project("{FAE04EC0-301F-11D3-BF4B-00C04F79EFBC}") = "Get.PLShared", "Get.PLShared\Get.PLShared.csproj", "{DD3ED908-DE24-4F15-8A86-4BC24D02B5FC}"
EndProject
Project("{FAE04EC0-301F-11D3-BF4B-00C04F79EFBC}") = "Get.Lexer.SourceGenerator", "Get.Lexer.SourceGenerator\Get.Lexer.SourceGenerator.csproj", "{68C78669-5431-4C8E-B790-C6DC0260CBB5}"
EndProject
Project("{FAE04EC0-301F-11D3-BF4B-00C04F79EFBC}") = "Get.EasyCSharp.GeneratorTools", "Get.EasyCSharp.GeneratorTools\Get.EasyCSharp.GeneratorTools.csproj", "{CCE73826-137B-45B0-8672-EF2E22F0E337}"
EndProject
Project("{D954291E-2A0B-460D-934E-DC6B0785DB48}") = "Get.Lexer.Shared", "Get.Lexer.Shared\Get.Lexer.Shared.shproj", "{620BA97D-7C9A-47F0-AE9E-7271F76F1DAD}"
EndProject
Project("{D954291E-2A0B-460D-934E-DC6B0785DB48}") = "Get.Parser.Shared", "Get.Parser.Shared\Get.Parser.Shared.shproj", "{9B50AE4D-44B5-4FF8-B2CD-6AB8E432D09D}"
EndProject
Project("{FAE04EC0-301F-11D3-BF4B-00C04F79EFBC}") = "Get.Parser.SourceGenerator", "Get.Parser.SourceGenerator\Get.Parser.SourceGenerator.csproj", "{29DBF0FF-1F4A-4D60-8913-B7ED7B3C9A76}"
EndProject
Project("{2150E333-8FDC-42A3-9474-1A3956D46DE8}") = "Lexer", "Lexer", "{1E063A1E-1B99-4E5E-BE67-B885022E98A2}"
EndProject
Project("{2150E333-8FDC-42A3-9474-1A3956D46DE8}") = "Parser", "Parser", "{E1E0C6B8-B24B-43EB-ABEF-D15D1AD0F571}"
EndProject
Project("{2150E333-8FDC-42A3-9474-1A3956D46DE8}") = "Regex", "Regex", "{BECD41F3-6CE8-4272-9190-E4F3B9F342EC}"
EndProject
Project("{FAE04EC0-301F-11D3-BF4B-00C04F79EFBC}") = "Get.RegexMachine.Test", "Get.RegexMachine.Test\Get.RegexMachine.Test.csproj", "{28371812-FE7D-4F20-8469-0CCD32AA382C}"
EndProject
Project("{FAE04EC0-301F-11D3-BF4B-00C04F79EFBC}") = "Get.LangSupport", "Get.LangSupport\Get.LangSupport.csproj", "{AD810228-03CE-45CC-B747-CE8D647A3F1E}"
EndProject
Project("{2150E333-8FDC-42A3-9474-1A3956D46DE8}") = "LangSupport", "LangSupport", "{02EA681E-C7D8-13C7-8484-4AC65E1B71E8}"
EndProject
Project("{FAE04EC0-301F-11D3-BF4B-00C04F79EFBC}") = "Get.LangSupport.Test", "Get.LangSupport.Test\Get.LangSupport.Test.csproj", "{0D47D7BD-D4C5-4CC3-9D7C-FE344B8C4140}"
EndProject
Project("{D954291E-2A0B-460D-934E-DC6B0785DB48}") = "Get.RegexMachine.Shared", "Get.RegexMachine.Shared\Get.RegexMachine.Shared.shproj", "{5E49BCA9-CAEE-495B-BB99-EA8D4CEAE057}"
EndProject
Global
	GlobalSection(SolutionConfigurationPlatforms) = preSolution
		Debug|Any CPU = Debug|Any CPU
		Release|Any CPU = Release|Any CPU
	EndGlobalSection
	GlobalSection(ProjectConfigurationPlatforms) = postSolution
		{71532860-8C79-44E3-AB7A-6AECCE3B60DC}.Debug|Any CPU.ActiveCfg = Debug|Any CPU
		{71532860-8C79-44E3-AB7A-6AECCE3B60DC}.Debug|Any CPU.Build.0 = Debug|Any CPU
		{71532860-8C79-44E3-AB7A-6AECCE3B60DC}.Release|Any CPU.ActiveCfg = Release|Any CPU
		{71532860-8C79-44E3-AB7A-6AECCE3B60DC}.Release|Any CPU.Build.0 = Release|Any CPU
		{51F3F1E9-AA69-474E-9CCF-E2FABE4E3AE4}.Debug|Any CPU.ActiveCfg = Debug|Any CPU
		{51F3F1E9-AA69-474E-9CCF-E2FABE4E3AE4}.Debug|Any CPU.Build.0 = Debug|Any CPU
		{51F3F1E9-AA69-474E-9CCF-E2FABE4E3AE4}.Release|Any CPU.ActiveCfg = Release|Any CPU
		{51F3F1E9-AA69-474E-9CCF-E2FABE4E3AE4}.Release|Any CPU.Build.0 = Release|Any CPU
		{004B57D5-AF4B-4D91-8F95-782BF06CCDBC}.Debug|Any CPU.ActiveCfg = Debug|Any CPU
		{004B57D5-AF4B-4D91-8F95-782BF06CCDBC}.Debug|Any CPU.Build.0 = Debug|Any CPU
		{004B57D5-AF4B-4D91-8F95-782BF06CCDBC}.Release|Any CPU.ActiveCfg = Release|Any CPU
		{004B57D5-AF4B-4D91-8F95-782BF06CCDBC}.Release|Any CPU.Build.0 = Release|Any CPU
		{21AD9D2D-A0CE-47E9-8DCA-2E6D94CCD570}.Debug|Any CPU.ActiveCfg = Debug|Any CPU
		{21AD9D2D-A0CE-47E9-8DCA-2E6D94CCD570}.Debug|Any CPU.Build.0 = Debug|Any CPU
		{21AD9D2D-A0CE-47E9-8DCA-2E6D94CCD570}.Release|Any CPU.ActiveCfg = Release|Any CPU
		{21AD9D2D-A0CE-47E9-8DCA-2E6D94CCD570}.Release|Any CPU.Build.0 = Release|Any CPU
		{10271D1A-9F7D-451F-A12D-E2495C87E7EC}.Debug|Any CPU.ActiveCfg = Debug|Any CPU
		{10271D1A-9F7D-451F-A12D-E2495C87E7EC}.Debug|Any CPU.Build.0 = Debug|Any CPU
		{10271D1A-9F7D-451F-A12D-E2495C87E7EC}.Release|Any CPU.ActiveCfg = Release|Any CPU
		{10271D1A-9F7D-451F-A12D-E2495C87E7EC}.Release|Any CPU.Build.0 = Release|Any CPU
		{DD3ED908-DE24-4F15-8A86-4BC24D02B5FC}.Debug|Any CPU.ActiveCfg = Debug|Any CPU
		{DD3ED908-DE24-4F15-8A86-4BC24D02B5FC}.Debug|Any CPU.Build.0 = Debug|Any CPU
		{DD3ED908-DE24-4F15-8A86-4BC24D02B5FC}.Release|Any CPU.ActiveCfg = Release|Any CPU
		{DD3ED908-DE24-4F15-8A86-4BC24D02B5FC}.Release|Any CPU.Build.0 = Release|Any CPU
		{68C78669-5431-4C8E-B790-C6DC0260CBB5}.Debug|Any CPU.ActiveCfg = Debug|Any CPU
		{68C78669-5431-4C8E-B790-C6DC0260CBB5}.Debug|Any CPU.Build.0 = Debug|Any CPU
		{68C78669-5431-4C8E-B790-C6DC0260CBB5}.Release|Any CPU.ActiveCfg = Release|Any CPU
		{68C78669-5431-4C8E-B790-C6DC0260CBB5}.Release|Any CPU.Build.0 = Release|Any CPU
		{CCE73826-137B-45B0-8672-EF2E22F0E337}.Debug|Any CPU.ActiveCfg = Debug|Any CPU
		{CCE73826-137B-45B0-8672-EF2E22F0E337}.Debug|Any CPU.Build.0 = Debug|Any CPU
		{CCE73826-137B-45B0-8672-EF2E22F0E337}.Release|Any CPU.ActiveCfg = Release|Any CPU
		{CCE73826-137B-45B0-8672-EF2E22F0E337}.Release|Any CPU.Build.0 = Release|Any CPU
		{29DBF0FF-1F4A-4D60-8913-B7ED7B3C9A76}.Debug|Any CPU.ActiveCfg = Debug|Any CPU
		{29DBF0FF-1F4A-4D60-8913-B7ED7B3C9A76}.Debug|Any CPU.Build.0 = Debug|Any CPU
		{29DBF0FF-1F4A-4D60-8913-B7ED7B3C9A76}.Release|Any CPU.ActiveCfg = Release|Any CPU
		{29DBF0FF-1F4A-4D60-8913-B7ED7B3C9A76}.Release|Any CPU.Build.0 = Release|Any CPU
		{28371812-FE7D-4F20-8469-0CCD32AA382C}.Debug|Any CPU.ActiveCfg = Debug|Any CPU
		{28371812-FE7D-4F20-8469-0CCD32AA382C}.Debug|Any CPU.Build.0 = Debug|Any CPU
		{28371812-FE7D-4F20-8469-0CCD32AA382C}.Release|Any CPU.ActiveCfg = Release|Any CPU
		{28371812-FE7D-4F20-8469-0CCD32AA382C}.Release|Any CPU.Build.0 = Release|Any CPU
		{AD810228-03CE-45CC-B747-CE8D647A3F1E}.Debug|Any CPU.ActiveCfg = Debug|Any CPU
		{AD810228-03CE-45CC-B747-CE8D647A3F1E}.Debug|Any CPU.Build.0 = Debug|Any CPU
		{AD810228-03CE-45CC-B747-CE8D647A3F1E}.Release|Any CPU.ActiveCfg = Release|Any CPU
		{AD810228-03CE-45CC-B747-CE8D647A3F1E}.Release|Any CPU.Build.0 = Release|Any CPU
		{0D47D7BD-D4C5-4CC3-9D7C-FE344B8C4140}.Debug|Any CPU.ActiveCfg = Debug|Any CPU
		{0D47D7BD-D4C5-4CC3-9D7C-FE344B8C4140}.Debug|Any CPU.Build.0 = Debug|Any CPU
		{0D47D7BD-D4C5-4CC3-9D7C-FE344B8C4140}.Release|Any CPU.ActiveCfg = Release|Any CPU
		{0D47D7BD-D4C5-4CC3-9D7C-FE344B8C4140}.Release|Any CPU.Build.0 = Release|Any CPU
	EndGlobalSection
	GlobalSection(SolutionProperties) = preSolution
		HideSolutionNode = FALSE
	EndGlobalSection
	GlobalSection(NestedProjects) = preSolution
		{71532860-8C79-44E3-AB7A-6AECCE3B60DC} = {E1E0C6B8-B24B-43EB-ABEF-D15D1AD0F571}
		{51F3F1E9-AA69-474E-9CCF-E2FABE4E3AE4} = {E1E0C6B8-B24B-43EB-ABEF-D15D1AD0F571}
		{004B57D5-AF4B-4D91-8F95-782BF06CCDBC} = {BECD41F3-6CE8-4272-9190-E4F3B9F342EC}
		{21AD9D2D-A0CE-47E9-8DCA-2E6D94CCD570} = {1E063A1E-1B99-4E5E-BE67-B885022E98A2}
		{10271D1A-9F7D-451F-A12D-E2495C87E7EC} = {1E063A1E-1B99-4E5E-BE67-B885022E98A2}
		{68C78669-5431-4C8E-B790-C6DC0260CBB5} = {1E063A1E-1B99-4E5E-BE67-B885022E98A2}
		{620BA97D-7C9A-47F0-AE9E-7271F76F1DAD} = {1E063A1E-1B99-4E5E-BE67-B885022E98A2}
		{9B50AE4D-44B5-4FF8-B2CD-6AB8E432D09D} = {E1E0C6B8-B24B-43EB-ABEF-D15D1AD0F571}
		{29DBF0FF-1F4A-4D60-8913-B7ED7B3C9A76} = {E1E0C6B8-B24B-43EB-ABEF-D15D1AD0F571}
		{28371812-FE7D-4F20-8469-0CCD32AA382C} = {BECD41F3-6CE8-4272-9190-E4F3B9F342EC}
		{AD810228-03CE-45CC-B747-CE8D647A3F1E} = {02EA681E-C7D8-13C7-8484-4AC65E1B71E8}
		{0D47D7BD-D4C5-4CC3-9D7C-FE344B8C4140} = {02EA681E-C7D8-13C7-8484-4AC65E1B71E8}
		{5E49BCA9-CAEE-495B-BB99-EA8D4CEAE057} = {BECD41F3-6CE8-4272-9190-E4F3B9F342EC}
	EndGlobalSection
	GlobalSection(ExtensibilityGlobals) = postSolution
		SolutionGuid = {8F15FCBA-C960-4000-BFB6-3337C19AB529}
	EndGlobalSection
	GlobalSection(SharedMSBuildProjectFiles) = preSolution
		Get.RegexMachine.Shared\Get.RegexMachine.Shared.projitems*{004b57d5-af4b-4d91-8f95-782bf06ccdbc}*SharedItemsImports = 5
		Get.Lexer.Shared\Get.Lexer.Shared.projitems*{21ad9d2d-a0ce-47e9-8dca-2e6d94ccd570}*SharedItemsImports = 5
		Get.Lexer.Shared\Get.Lexer.Shared.projitems*{29dbf0ff-1f4a-4d60-8913-b7ed7b3c9a76}*SharedItemsImports = 5
		Get.Parser.Shared\Get.Parser.Shared.projitems*{29dbf0ff-1f4a-4d60-8913-b7ed7b3c9a76}*SharedItemsImports = 5
		Get.RegexMachine.Shared\Get.RegexMachine.Shared.projitems*{5e49bca9-caee-495b-bb99-ea8d4ceae057}*SharedItemsImports = 13
		Get.Lexer.Shared\Get.Lexer.Shared.projitems*{620ba97d-7c9a-47f0-ae9e-7271f76f1dad}*SharedItemsImports = 13
		Get.Lexer.Shared\Get.Lexer.Shared.projitems*{68c78669-5431-4c8e-b790-c6dc0260cbb5}*SharedItemsImports = 5
		Get.Parser.Shared\Get.Parser.Shared.projitems*{68c78669-5431-4c8e-b790-c6dc0260cbb5}*SharedItemsImports = 5
		Get.RegexMachine.Shared\Get.RegexMachine.Shared.projitems*{68c78669-5431-4c8e-b790-c6dc0260cbb5}*SharedItemsImports = 5
		Get.Parser.Shared\Get.Parser.Shared.projitems*{71532860-8c79-44e3-ab7a-6aecce3b60dc}*SharedItemsImports = 5
		Get.Parser.Shared\Get.Parser.Shared.projitems*{9b50ae4d-44b5-4ff8-b2cd-6ab8e432d09d}*SharedItemsImports = 13
	EndGlobalSection
EndGlobal
